
Microsoft Visual Studio Solution File, Format Version 12.00
# Visual Studio Version 16
VisualStudioVersion = 16.0.31515.178
MinimumVisualStudioVersion = 10.0.40219.1
Project("{FAE04EC0-301F-11D3-BF4B-00C04F79EFBC}") = "EbookToPDF", "EbookToPDF\EbookToPDF.csproj", "{DB5E3EB6-384F-40CF-9625-A21EAF3869AD}"
EndProject
Global
	GlobalSection(SolutionConfigurationPlatforms) = preSolution
		Debug|Any CPU = Debug|Any CPU
		Release|Any CPU = Release|Any CPU
	EndGlobalSection
	GlobalSection(ProjectConfigurationPlatforms) = postSolution
		{DB5E3EB6-384F-40CF-9625-A21EAF3869AD}.Debug|Any CPU.ActiveCfg = Debug|Any CPU
		{DB5E3EB6-384F-40CF-9625-A21EAF3869AD}.Debug|Any CPU.Build.0 = Debug|Any CPU
		{DB5E3EB6-384F-40CF-9625-A21EAF3869AD}.Release|Any CPU.ActiveCfg = Release|Any CPU
		{DB5E3EB6-384F-40CF-9625-A21EAF3869AD}.Release|Any CPU.Build.0 = Release|Any CPU
	EndGlobalSection
	GlobalSection(SolutionProperties) = preSolution
		HideSolutionNode = FALSE
	EndGlobalSection
	GlobalSection(ExtensibilityGlobals) = postSolution
		SolutionGuid = {E6A613DB-37E0-40FC-9734-9D48B28203ED}
	EndGlobalSection
EndGlobal
